
Microsoft Visual Studio Solution File, Format Version 12.00
# Visual Studio Version 17
VisualStudioVersion = 17.10.35122.118
MinimumVisualStudioVersion = 10.0.40219.1
Project("{FAE04EC0-301F-11D3-BF4B-00C04F79EFBC}") = "In memory book", "In memory book.csproj", "{EAE3BFE9-0C3F-4BBA-A7B5-CE28E0FDD424}"
EndProject
Global
	GlobalSection(SolutionConfigurationPlatforms) = preSolution
		Debug|Any CPU = Debug|Any CPU
		Release|Any CPU = Release|Any CPU
	EndGlobalSection
	GlobalSection(ProjectConfigurationPlatforms) = postSolution
		{EAE3BFE9-0C3F-4BBA-A7B5-CE28E0FDD424}.Debug|Any CPU.ActiveCfg = Debug|Any CPU
		{EAE3BFE9-0C3F-4BBA-A7B5-CE28E0FDD424}.Debug|Any CPU.Build.0 = Debug|Any CPU
		{EAE3BFE9-0C3F-4BBA-A7B5-CE28E0FDD424}.Release|Any CPU.ActiveCfg = Release|Any CPU
		{EAE3BFE9-0C3F-4BBA-A7B5-CE28E0FDD424}.Release|Any CPU.Build.0 = Release|Any CPU
	EndGlobalSection
	GlobalSection(SolutionProperties) = preSolution
		HideSolutionNode = FALSE
	EndGlobalSection
	GlobalSection(ExtensibilityGlobals) = postSolution
		SolutionGuid = {EEA76999-329A-4062-8114-4E1EE16B2A3D}
	EndGlobalSection
EndGlobal
